
Microsoft Visual Studio Solution File, Format Version 12.00
# Visual Studio Version 16
VisualStudioVersion = 16.0.30711.63
MinimumVisualStudioVersion = 10.0.40219.1
Project("{9A19103F-16F7-4668-BE54-9A1E7A4F7556}") = "ApiCommunication", "ApiCommunication\ApiCommunication.csproj", "{4119264F-BF86-4922-9FF0-981357B8AD14}"
EndProject
Project("{9A19103F-16F7-4668-BE54-9A1E7A4F7556}") = "RestApi", "RestApi\RestApi.csproj", "{B64616C7-B621-4D99-B62B-F0AEBB9477C5}"
EndProject
Project("{9A19103F-16F7-4668-BE54-9A1E7A4F7556}") = "ConfigClient", "ConfigClient\ConfigClient.csproj", "{3B2B77C9-77AE-45A3-87E6-C7578E4645CE}"
EndProject
Project("{FAE04EC0-301F-11D3-BF4B-00C04F79EFBC}") = "UnitTests", "UnitTests\UnitTests.csproj", "{11707EE8-AEB0-4464-B6FC-AC1E097BB725}"
EndProject
Global
	GlobalSection(SolutionConfigurationPlatforms) = preSolution
		Debug|Any CPU = Debug|Any CPU
		Release|Any CPU = Release|Any CPU
	EndGlobalSection
	GlobalSection(ProjectConfigurationPlatforms) = postSolution
		{4119264F-BF86-4922-9FF0-981357B8AD14}.Debug|Any CPU.ActiveCfg = Debug|Any CPU
		{4119264F-BF86-4922-9FF0-981357B8AD14}.Debug|Any CPU.Build.0 = Debug|Any CPU
		{4119264F-BF86-4922-9FF0-981357B8AD14}.Release|Any CPU.ActiveCfg = Release|Any CPU
		{4119264F-BF86-4922-9FF0-981357B8AD14}.Release|Any CPU.Build.0 = Release|Any CPU
		{B64616C7-B621-4D99-B62B-F0AEBB9477C5}.Debug|Any CPU.ActiveCfg = Debug|Any CPU
		{B64616C7-B621-4D99-B62B-F0AEBB9477C5}.Debug|Any CPU.Build.0 = Debug|Any CPU
		{B64616C7-B621-4D99-B62B-F0AEBB9477C5}.Release|Any CPU.ActiveCfg = Release|Any CPU
		{B64616C7-B621-4D99-B62B-F0AEBB9477C5}.Release|Any CPU.Build.0 = Release|Any CPU
		{3B2B77C9-77AE-45A3-87E6-C7578E4645CE}.Debug|Any CPU.ActiveCfg = Debug|Any CPU
		{3B2B77C9-77AE-45A3-87E6-C7578E4645CE}.Debug|Any CPU.Build.0 = Debug|Any CPU
		{3B2B77C9-77AE-45A3-87E6-C7578E4645CE}.Release|Any CPU.ActiveCfg = Release|Any CPU
		{3B2B77C9-77AE-45A3-87E6-C7578E4645CE}.Release|Any CPU.Build.0 = Release|Any CPU
		{11707EE8-AEB0-4464-B6FC-AC1E097BB725}.Debug|Any CPU.ActiveCfg = Debug|Any CPU
		{11707EE8-AEB0-4464-B6FC-AC1E097BB725}.Debug|Any CPU.Build.0 = Debug|Any CPU
		{11707EE8-AEB0-4464-B6FC-AC1E097BB725}.Release|Any CPU.ActiveCfg = Release|Any CPU
		{11707EE8-AEB0-4464-B6FC-AC1E097BB725}.Release|Any CPU.Build.0 = Release|Any CPU
	EndGlobalSection
	GlobalSection(SolutionProperties) = preSolution
		HideSolutionNode = FALSE
	EndGlobalSection
	GlobalSection(ExtensibilityGlobals) = postSolution
		SolutionGuid = {54831E8C-CB50-473E-ABBF-3283C395FB33}
	EndGlobalSection
EndGlobal
